// !$*UTF8*$!
{
	archiveVersion = 1;
	classes = {
	};
	objectVersion = 46;
	objects = {

/* Begin PBXBuildFile section */
		38CF3F8319F14BE1004A2A06 /* main.m in Sources */ = {isa = PBXBuildFile; fileRef = 38CF3F8219F14BE1004A2A06 /* main.m */; };
		38CF3F8619F14BE1004A2A06 /* AppDelegate.m in Sources */ = {isa = PBXBuildFile; fileRef = 38CF3F8519F14BE1004A2A06 /* AppDelegate.m */; };
		38CF3F8919F14BE1004A2A06 /* ViewController.m in Sources */ = {isa = PBXBuildFile; fileRef = 38CF3F8819F14BE1004A2A06 /* ViewController.m */; };
		38CF3F8C19F14BE1004A2A06 /* Main.storyboard in Resources */ = {isa = PBXBuildFile; fileRef = 38CF3F8A19F14BE1004A2A06 /* Main.storyboard */; };
		38CF3F8E19F14BE1004A2A06 /* Images.xcassets in Resources */ = {isa = PBXBuildFile; fileRef = 38CF3F8D19F14BE1004A2A06 /* Images.xcassets */; };
		38CF3F9119F14BE1004A2A06 /* LaunchScreen.xib in Resources */ = {isa = PBXBuildFile; fileRef = 38CF3F8F19F14BE1004A2A06 /* LaunchScreen.xib */; };
		38CF3F9D19F14BE1004A2A06 /* touch_IDTests.m in Sources */ = {isa = PBXBuildFile; fileRef = 38CF3F9C19F14BE1004A2A06 /* touch_IDTests.m */; };
		38CF3FA719F14C99004A2A06 /* LocalAuthentication.framework in Frameworks */ = {isa = PBXBuildFile; fileRef = 38CF3FA619F14C99004A2A06 /* LocalAuthentication.framework */; };
/* End PBXBuildFile section */

/* Begin PBXContainerItemProxy section */
		38CF3F9719F14BE1004A2A06 /* PBXContainerItemProxy */ = {
			isa = PBXContainerItemProxy;
			containerPortal = 38CF3F7519F14BE1004A2A06 /* Project object */;
			proxyType = 1;
			remoteGlobalIDString = 38CF3F7C19F14BE1004A2A06;
			remoteInfo = "touch ID";
		};
/* End PBXContainerItemProxy section */

/* Begin PBXFileReference section */
		38CF3F7D19F14BE1004A2A06 /* touch ID.app */ = {isa = PBXFileReference; explicitFileType = wrapper.application; includeInIndex = 0; path = "touch ID.app"; sourceTree = BUILT_PRODUCTS_DIR; };
		38CF3F8119F14BE1004A2A06 /* Info.plist */ = {isa = PBXFileReference; lastKnownFileType = text.plist.xml; path = Info.plist; sourceTree = "<group>"; };
		38CF3F8219F14BE1004A2A06 /* main.m */ = {isa = PBXFileReference; lastKnownFileType = sourcecode.c.objc; path = main.m; sourceTree = "<group>"; };
		38CF3F8419F14BE1004A2A06 /* AppDelegate.h */ = {isa = PBXFileReference; lastKnownFileType = sourcecode.c.h; path = AppDelegate.h; sourceTree = "<group>"; };
		38CF3F8519F14BE1004A2A06 /* AppDelegate.m */ = {isa = PBXFileReference; lastKnownFileType = sourcecode.c.objc; path = AppDelegate.m; sourceTree = "<group>"; };
		38CF3F8719F14BE1004A2A06 /* ViewController.h */ = {isa = PBXFileReference; lastKnownFileType = sourcecode.c.h; path = ViewController.h; sourceTree = "<group>"; };
		38CF3F8819F14BE1004A2A06 /* ViewController.m */ = {isa = PBXFileReference; lastKnownFileType = sourcecode.c.objc; path = ViewController.m; sourceTree = "<group>"; };
		38CF3F8B19F14BE1004A2A06 /* Base */ = {isa = PBXFileReference; lastKnownFileType = file.storyboard; name = Base; path = Base.lproj/Main.storyboard; sourceTree = "<group>"; };
		38CF3F8D19F14BE1004A2A06 /* Images.xcassets */ = {isa = PBXFileReference; lastKnownFileType = folder.assetcatalog; path = Images.xcassets; sourceTree = "<group>"; };
		38CF3F9019F14BE1004A2A06 /* Base */ = {isa = PBXFileReference; lastKnownFileType = file.xib; name = Base; path = Base.lproj/LaunchScreen.xib; sourceTree = "<group>"; };
		38CF3F9619F14BE1004A2A06 /* touch IDTests.xctest */ = {isa = PBXFileReference; explicitFileType = wrapper.cfbundle; includeInIndex = 0; path = "touch IDTests.xctest"; sourceTree = BUILT_PRODUCTS_DIR; };
		38CF3F9B19F14BE1004A2A06 /* Info.plist */ = {isa = PBXFileReference; lastKnownFileType = text.plist.xml; path = Info.plist; sourceTree = "<group>"; };
		38CF3F9C19F14BE1004A2A06 /* touch_IDTests.m */ = {isa = PBXFileReference; lastKnownFileType = sourcecode.c.objc; path = touch_IDTests.m; sourceTree = "<group>"; };
		38CF3FA619F14C99004A2A06 /* LocalAuthentication.framework */ = {isa = PBXFileReference; lastKnownFileType = wrapper.framework; name = LocalAuthentication.framework; path = System/Library/Frameworks/LocalAuthentication.framework; sourceTree = SDKROOT; };
/* End PBXFileReference section */

/* Begin PBXFrameworksBuildPhase section */
		38CF3F7A19F14BE1004A2A06 /* Frameworks */ = {
			isa = PBXFrameworksBuildPhase;
			buildActionMask = 2147483647;
			files = (
				38CF3FA719F14C99004A2A06 /* LocalAuthentication.framework in Frameworks */,
			);
			runOnlyForDeploymentPostprocessing = 0;
		};
		38CF3F9319F14BE1004A2A06 /* Frameworks */ = {
			isa = PBXFrameworksBuildPhase;
			buildActionMask = 2147483647;
			files = (
			);
			runOnlyForDeploymentPostprocessing = 0;
		};
/* End PBXFrameworksBuildPhase section */

/* Begin PBXGroup section */
		38CF3F7419F14BE1004A2A06 = {
			isa = PBXGroup;
			children = (
				38CF3FA619F14C99004A2A06 /* LocalAuthentication.framework */,
				38CF3F7F19F14BE1004A2A06 /* touch ID */,
				38CF3F9919F14BE1004A2A06 /* touch IDTests */,
				38CF3F7E19F14BE1004A2A06 /* Products */,
			);
			sourceTree = "<group>";
		};
		38CF3F7E19F14BE1004A2A06 /* Products */ = {
			isa = PBXGroup;
			children = (
				38CF3F7D19F14BE1004A2A06 /* touch ID.app */,
				38CF3F9619F14BE1004A2A06 /* touch IDTests.xctest */,
			);
			name = Products;
			sourceTree = "<group>";
		};
		38CF3F7F19F14BE1004A2A06 /* touch ID */ = {
			isa = PBXGroup;
			children = (
				38CF3F8419F14BE1004A2A06 /* AppDelegate.h */,
				38CF3F8519F14BE1004A2A06 /* AppDelegate.m */,
				38CF3F8719F14BE1004A2A06 /* ViewController.h */,
				38CF3F8819F14BE1004A2A06 /* ViewController.m */,
				38CF3F8A19F14BE1004A2A06 /* Main.storyboard */,
				38CF3F8D19F14BE1004A2A06 /* Images.xcassets */,
				38CF3F8F19F14BE1004A2A06 /* LaunchScreen.xib */,
				38CF3F8019F14BE1004A2A06 /* Supporting Files */,
			);
			path = "touch ID";
			sourceTree = "<group>";
		};
		38CF3F8019F14BE1004A2A06 /* Supporting Files */ = {
			isa = PBXGroup;
			children = (
				38CF3F8119F14BE1004A2A06 /* Info.plist */,
				38CF3F8219F14BE1004A2A06 /* main.m */,
			);
			name = "Supporting Files";
			sourceTree = "<group>";
		};
		38CF3F9919F14BE1004A2A06 /* touch IDTests */ = {
			isa = PBXGroup;
			children = (
				38CF3F9C19F14BE1004A2A06 /* touch_IDTests.m */,
				38CF3F9A19F14BE1004A2A06 /* Supporting Files */,
			);
			path = "touch IDTests";
			sourceTree = "<group>";
		};
		38CF3F9A19F14BE1004A2A06 /* Supporting Files */ = {
			isa = PBXGroup;
			children = (
				38CF3F9B19F14BE1004A2A06 /* Info.plist */,
			);
			name = "Supporting Files";
			sourceTree = "<group>";
		};
/* End PBXGroup section */

/* Begin PBXNativeTarget section */
		38CF3F7C19F14BE1004A2A06 /* touch ID */ = {
			isa = PBXNativeTarget;
			buildConfigurationList = 38CF3FA019F14BE1004A2A06 /* Build configuration list for PBXNativeTarget "touch ID" */;
			buildPhases = (
				38CF3F7919F14BE1004A2A06 /* Sources */,
				38CF3F7A19F14BE1004A2A06 /* Frameworks */,
				38CF3F7B19F14BE1004A2A06 /* Resources */,
			);
			buildRules = (
			);
			dependencies = (
			);
			name = "touch ID";
			productName = "touch ID";
			productReference = 38CF3F7D19F14BE1004A2A06 /* touch ID.app */;
			productType = "com.apple.product-type.application";
		};
		38CF3F9519F14BE1004A2A06 /* touch IDTests */ = {
			isa = PBXNativeTarget;
			buildConfigurationList = 38CF3FA319F14BE1004A2A06 /* Build configuration list for PBXNativeTarget "touch IDTests" */;
			buildPhases = (
				38CF3F9219F14BE1004A2A06 /* Sources */,
				38CF3F9319F14BE1004A2A06 /* Frameworks */,
				38CF3F9419F14BE1004A2A06 /* Resources */,
			);
			buildRules = (
			);
			dependencies = (
				38CF3F9819F14BE1004A2A06 /* PBXTargetDependency */,
			);
			name = "touch IDTests";
			productName = "touch IDTests";
			productReference = 38CF3F9619F14BE1004A2A06 /* touch IDTests.xctest */;
			productType = "com.apple.product-type.bundle.unit-test";
		};
/* End PBXNativeTarget section */

/* Begin PBXProject section */
		38CF3F7519F14BE1004A2A06 /* Project object */ = {
			isa = PBXProject;
			attributes = {
				LastUpgradeCheck = 0600;
				ORGANIZATIONNAME = hyp;
				TargetAttributes = {
					38CF3F7C19F14BE1004A2A06 = {
						CreatedOnToolsVersion = 6.0.1;
					};
					38CF3F9519F14BE1004A2A06 = {
						CreatedOnToolsVersion = 6.0.1;
						TestTargetID = 38CF3F7C19F14BE1004A2A06;
					};
				};
			};
			buildConfigurationList = 38CF3F7819F14BE1004A2A06 /* Build configuration list for PBXProject "touch ID" */;
			compatibilityVersion = "Xcode 3.2";
			developmentRegion = English;
			hasScannedForEncodings = 0;
			knownRegions = (
				en,
				Base,
			);
			mainGroup = 38CF3F7419F14BE1004A2A06;
			productRefGroup = 38CF3F7E19F14BE1004A2A06 /* Products */;
			projectDirPath = "";
			projectRoot = "";
			targets = (
				38CF3F7C19F14BE1004A2A06 /* touch ID */,
				38CF3F9519F14BE1004A2A06 /* touch IDTests */,
			);
		};
/* End PBXProject section */

/* Begin PBXResourcesBuildPhase section */
		38CF3F7B19F14BE1004A2A06 /* Resources */ = {
			isa = PBXResourcesBuildPhase;
			buildActionMask = 2147483647;
			files = (
				38CF3F8C19F14BE1004A2A06 /* Main.storyboard in Resources */,
				38CF3F9119F14BE1004A2A06 /* LaunchScreen.xib in Resources */,
				38CF3F8E19F14BE1004A2A06 /* Images.xcassets in Resources */,
			);
			runOnlyForDeploymentPostprocessing = 0;
		};
		38CF3F9419F14BE1004A2A06 /* Resources */ = {
			isa = PBXResourcesBuildPhase;
			buildActionMask = 2147483647;
			files = (
			);
			runOnlyForDeploymentPostprocessing = 0;
		};
/* End PBXResourcesBuildPhase section */

/* Begin PBXSourcesBuildPhase section */
		38CF3F7919F14BE1004A2A06 /* Sources */ = {
			isa = PBXSourcesBuildPhase;
			buildActionMask = 2147483647;
			files = (
				38CF3F8919F14BE1004A2A06 /* ViewController.m in Sources */,
				38CF3F8619F14BE1004A2A06 /* AppDelegate.m in Sources */,
				38CF3F8319F14BE1004A2A06 /* main.m in Sources */,
			);
			runOnlyForDeploymentPostprocessing = 0;
		};
		38CF3F9219F14BE1004A2A06 /* Sources */ = {
			isa = PBXSourcesBuildPhase;
			buildActionMask = 2147483647;
			files = (
				38CF3F9D19F14BE1004A2A06 /* touch_IDTests.m in Sources */,
			);
			runOnlyForDeploymentPostprocessing = 0;
		};
/* End PBXSourcesBuildPhase section */

/* Begin PBXTargetDependency section */
		38CF3F9819F14BE1004A2A06 /* PBXTargetDependency */ = {
			isa = PBXTargetDependency;
			target = 38CF3F7C19F14BE1004A2A06 /* touch ID */;
			targetProxy = 38CF3F9719F14BE1004A2A06 /* PBXContainerItemProxy */;
		};
/* End PBXTargetDependency section */

/* Begin PBXVariantGroup section */
		38CF3F8A19F14BE1004A2A06 /* Main.storyboard */ = {
			isa = PBXVariantGroup;
			children = (
				38CF3F8B19F14BE1004A2A06 /* Base */,
			);
			name = Main.storyboard;
			sourceTree = "<group>";
		};
		38CF3F8F19F14BE1004A2A06 /* LaunchScreen.xib */ = {
			isa = PBXVariantGroup;
			children = (
				38CF3F9019F14BE1004A2A06 /* Base */,
			);
			name = LaunchScreen.xib;
			sourceTree = "<group>";
		};
/* End PBXVariantGroup section */

/* Begin XCBuildConfiguration section */
		38CF3F9E19F14BE1004A2A06 /* Debug */ = {
			isa = XCBuildConfiguration;
			buildSettings = {
				ALWAYS_SEARCH_USER_PATHS = NO;
				CLANG_CXX_LANGUAGE_STANDARD = "gnu++0x";
				CLANG_CXX_LIBRARY = "libc++";
				CLANG_ENABLE_MODULES = YES;
				CLANG_ENABLE_OBJC_ARC = YES;
				CLANG_WARN_BOOL_CONVERSION = YES;
				CLANG_WARN_CONSTANT_CONVERSION = YES;
				CLANG_WARN_DIRECT_OBJC_ISA_USAGE = YES_ERROR;
				CLANG_WARN_EMPTY_BODY = YES;
				CLANG_WARN_ENUM_CONVERSION = YES;
				CLANG_WARN_INT_CONVERSION = YES;
				CLANG_WARN_OBJC_ROOT_CLASS = YES_ERROR;
				CLANG_WARN_UNREACHABLE_CODE = YES;
				CLANG_WARN__DUPLICATE_METHOD_MATCH = YES;
				"CODE_SIGN_IDENTITY[sdk=iphoneos*]" = "iPhone Developer";
				COPY_PHASE_STRIP = NO;
				ENABLE_STRICT_OBJC_MSGSEND = YES;
				GCC_C_LANGUAGE_STANDARD = gnu99;
				GCC_DYNAMIC_NO_PIC = NO;
				GCC_OPTIMIZATION_LEVEL = 0;
				GCC_PREPROCESSOR_DEFINITIONS = (
					"DEBUG=1",
					"$(inherited)",
				);
				GCC_SYMBOLS_PRIVATE_EXTERN = NO;
				GCC_WARN_64_TO_32_BIT_CONVERSION = YES;
				GCC_WARN_ABOUT_RETURN_TYPE = YES_ERROR;
				GCC_WARN_UNDECLARED_SELECTOR = YES;
				GCC_WARN_UNINITIALIZED_AUTOS = YES_AGGRESSIVE;
				GCC_WARN_UNUSED_FUNCTION = YES;
				GCC_WARN_UNUSED_VARIABLE = YES;
				IPHONEOS_DEPLOYMENT_TARGET = 8.0;
				MTL_ENABLE_DEBUG_INFO = YES;
				ONLY_ACTIVE_ARCH = YES;
				SDKROOT = iphoneos;
			};
			name = Debug;
		};
		38CF3F9F19F14BE1004A2A06 /* Release */ = {
			isa = XCBuildConfiguration;
			buildSettings = {
				ALWAYS_SEARCH_USER_PATHS = NO;
				CLANG_CXX_LANGUAGE_STANDARD = "gnu++0x";
				CLANG_CXX_LIBRARY = "libc++";
				CLANG_ENABLE_MODULES = YES;
				CLANG_ENABLE_OBJC_ARC = YES;
				CLANG_WARN_BOOL_CONVERSION = YES;
				CLANG_WARN_CONSTANT_CONVERSION = YES;
				CLANG_WARN_DIRECT_OBJC_ISA_USAGE = YES_ERROR;
				CLANG_WARN_EMPTY_BODY = YES;
				CLANG_WARN_ENUM_CONVERSION = YES;
				CLANG_WARN_INT_CONVERSION = YES;
				CLANG_WARN_OBJC_ROOT_CLASS = YES_ERROR;
				CLANG_WARN_UNREACHABLE_CODE = YES;
				CLANG_WARN__DUPLICATE_METHOD_MATCH = YES;
				"CODE_SIGN_IDENTITY[sdk=iphoneos*]" = "iPhone Developer";
				COPY_PHASE_STRIP = YES;
				ENABLE_NS_ASSERTIONS = NO;
				ENABLE_STRICT_OBJC_MSGSEND = YES;
				GCC_C_LANGUAGE_STANDARD = gnu99;
				GCC_WARN_64_TO_32_BIT_CONVERSION = YES;
				GCC_WARN_ABOUT_RETURN_TYPE = YES_ERROR;
				GCC_WARN_UNDECLARED_SELECTOR = YES;
				GCC_WARN_UNINITIALIZED_AUTOS = YES_AGGRESSIVE;
				GCC_WARN_UNUSED_FUNCTION = YES;
				GCC_WARN_UNUSED_VARIABLE = YES;
				IPHONEOS_DEPLOYMENT_TARGET = 8.0;
				MTL_ENABLE_DEBUG_INFO = NO;
				SDKROOT = iphoneos;
				VALIDATE_PRODUCT = YES;
			};
			name = Release;
		};
		38CF3FA119F14BE1004A2A06 /* Debug */ = {
			isa = XCBuildConfiguration;
			buildSettings = {
				ASSETCATALOG_COMPILER_APPICON_NAME = AppIcon;
				INFOPLIST_FILE = "touch ID/Info.plist";
				LD_RUNPATH_SEARCH_PATHS = "$(inherited) @executable_path/Frameworks";
				PRODUCT_NAME = "$(TARGET_NAME)";
			};
			name = Debug;
		};
		38CF3FA219F14BE1004A2A06 /* Release */ = {
			isa = XCBuildConfiguration;
			buildSettings = {
				ASSETCATALOG_COMPILER_APPICON_NAME = AppIcon;
				INFOPLIST_FILE = "touch ID/Info.plist";
				LD_RUNPATH_SEARCH_PATHS = "$(inherited) @executable_path/Frameworks";
				PRODUCT_NAME = "$(TARGET_NAME)";
			};
			name = Release;
		};
		38CF3FA419F14BE1004A2A06 /* Debug */ = {
			isa = XCBuildConfiguration;
			buildSettings = {
				BUNDLE_LOADER = "$(TEST_HOST)";
				FRAMEWORK_SEARCH_PATHS = (
					"$(SDKROOT)/Developer/Library/Frameworks",
					"$(inherited)",
				);
				GCC_PREPROCESSOR_DEFINITIONS = (
					"DEBUG=1",
					"$(inherited)",
				);
				INFOPLIST_FILE = "touch IDTests/Info.plist";
				LD_RUNPATH_SEARCH_PATHS = "$(inherited) @executable_path/Frameworks @loader_path/Frameworks";
				PRODUCT_NAME = "$(TARGET_NAME)";
				TEST_HOST = "$(BUILT_PRODUCTS_DIR)/touch ID.app/touch ID";
			};
			name = Debug;
		};
		38CF3FA519F14BE1004A2A06 /* Release */ = {
			isa = XCBuildConfiguration;
			buildSettings = {
				BUNDLE_LOADER = "$(TEST_HOST)";
				FRAMEWORK_SEARCH_PATHS = (
					"$(SDKROOT)/Developer/Library/Frameworks",
					"$(inherited)",
				);
				INFOPLIST_FILE = "touch IDTests/Info.plist";
				LD_RUNPATH_SEARCH_PATHS = "$(inherited) @executable_path/Frameworks @loader_path/Frameworks";
				PRODUCT_NAME = "$(TARGET_NAME)";
				TEST_HOST = "$(BUILT_PRODUCTS_DIR)/touch ID.app/touch ID";
			};
			name = Release;
		};
/* End XCBuildConfiguration section */

/* Begin XCConfigurationList section */
		38CF3F7819F14BE1004A2A06 /* Build configuration list for PBXProject "touch ID" */ = {
			isa = XCConfigurationList;
			buildConfigurations = (
				38CF3F9E19F14BE1004A2A06 /* Debug */,
				38CF3F9F19F14BE1004A2A06 /* Release */,
			);
			defaultConfigurationIsVisible = 0;
			defaultConfigurationName = Release;
		};
		38CF3FA019F14BE1004A2A06 /* Build configuration list for PBXNativeTarget "touch ID" */ = {
			isa = XCConfigurationList;
			buildConfigurations = (
				38CF3FA119F14BE1004A2A06 /* Debug */,
				38CF3FA219F14BE1004A2A06 /* Release */,
			);
			defaultConfigurationIsVisible = 0;
		};
		38CF3FA319F14BE1004A2A06 /* Build configuration list for PBXNativeTarget "touch IDTests" */ = {
			isa = XCConfigurationList;
			buildConfigurations = (
				38CF3FA419F14BE1004A2A06 /* Debug */,
				38CF3FA519F14BE1004A2A06 /* Release */,
			);
			defaultConfigurationIsVisible = 0;
		};
/* End XCConfigurationList section */
	};
	rootObject = 38CF3F7519F14BE1004A2A06 /* Project object */;
}
